
Microsoft Visual Studio Solution File, Format Version 12.00
# Visual Studio 2013
VisualStudioVersion = 12.0.30110.0
MinimumVisualStudioVersion = 10.0.40219.1
Project("{FAE04EC0-301F-11D3-BF4B-00C04F79EFBC}") = "LabRat", "LabRat.csproj", "{FED1052B-9FE8-4141-9A0C-82DCCF720DD3}"
EndProject
Project("{FAE04EC0-301F-11D3-BF4B-00C04F79EFBC}") = "LabRat.Tests", "..\LabRat.Tests\LabRat.Tests.csproj", "{36FD4AAF-4843-4FAA-B046-FD90255B4311}"
EndProject
Global
	GlobalSection(SolutionConfigurationPlatforms) = preSolution
		Debug|Any CPU = Debug|Any CPU
		Release|Any CPU = Release|Any CPU
	EndGlobalSection
	GlobalSection(ProjectConfigurationPlatforms) = postSolution
		{FED1052B-9FE8-4141-9A0C-82DCCF720DD3}.Debug|Any CPU.ActiveCfg = Debug|Any CPU
		{FED1052B-9FE8-4141-9A0C-82DCCF720DD3}.Debug|Any CPU.Build.0 = Debug|Any CPU
		{FED1052B-9FE8-4141-9A0C-82DCCF720DD3}.Release|Any CPU.ActiveCfg = Release|Any CPU
		{FED1052B-9FE8-4141-9A0C-82DCCF720DD3}.Release|Any CPU.Build.0 = Release|Any CPU
		{36FD4AAF-4843-4FAA-B046-FD90255B4311}.Debug|Any CPU.ActiveCfg = Debug|Any CPU
		{36FD4AAF-4843-4FAA-B046-FD90255B4311}.Debug|Any CPU.Build.0 = Debug|Any CPU
		{36FD4AAF-4843-4FAA-B046-FD90255B4311}.Release|Any CPU.ActiveCfg = Release|Any CPU
		{36FD4AAF-4843-4FAA-B046-FD90255B4311}.Release|Any CPU.Build.0 = Release|Any CPU
	EndGlobalSection
	GlobalSection(SolutionProperties) = preSolution
		HideSolutionNode = FALSE
	EndGlobalSection
EndGlobal
